
Microsoft Visual Studio Solution File, Format Version 11.00
# Visual Studio Version 17

Project("{8BC9CEB8-8B4A-11D0-8D11-00A0C91BC942}") = "SimpleVerb - Standalone Plugin", "SimpleVerb_StandalonePlugin.vcxproj", "{73D343A1-C79E-0EF9-0B1C-BA5C3F298FC5}"
	ProjectSection(ProjectDependencies) = postProject
		{C9B82667-C15C-C6F1-E303-081EA176C344} = {C9B82667-C15C-C6F1-E303-081EA176C344}
	EndProjectSection
EndProject
Project("{8BC9CEB8-8B4A-11D0-8D11-00A0C91BC942}") = "SimpleVerb - VST", "SimpleVerb_VST.vcxproj", "{5BDAF59F-85C9-569F-6009-F34E9D6BA450}"
	ProjectSection(ProjectDependencies) = postProject
		{C9B82667-C15C-C6F1-E303-081EA176C344} = {C9B82667-C15C-C6F1-E303-081EA176C344}
	EndProjectSection
EndProject
Project("{8BC9CEB8-8B4A-11D0-8D11-00A0C91BC942}") = "SimpleVerb - VST3", "SimpleVerb_VST3.vcxproj", "{EEC0E09E-4044-FBB9-B856-8E68239AF4AF}"
	ProjectSection(ProjectDependencies) = postProject
		{C9B82667-C15C-C6F1-E303-081EA176C344} = {C9B82667-C15C-C6F1-E303-081EA176C344}
	EndProjectSection
EndProject
Project("{8BC9CEB8-8B4A-11D0-8D11-00A0C91BC942}") = "SimpleVerb - LV2 Plugin", "SimpleVerb_LV2Plugin.vcxproj", "{DA6395E1-5712-59C5-8F40-D178CBB73220}"
	ProjectSection(ProjectDependencies) = postProject
		{C9B82667-C15C-C6F1-E303-081EA176C344} = {C9B82667-C15C-C6F1-E303-081EA176C344}
		{F0A78D46-3ADF-8D77-0E3D-BEB89CD0BD5C} = {F0A78D46-3ADF-8D77-0E3D-BEB89CD0BD5C}
	EndProjectSection
EndProject
Project("{8BC9CEB8-8B4A-11D0-8D11-00A0C91BC942}") = "SimpleVerb - Shared Code", "SimpleVerb_SharedCode.vcxproj", "{C9B82667-C15C-C6F1-E303-081EA176C344}"
EndProject
Project("{8BC9CEB8-8B4A-11D0-8D11-00A0C91BC942}") = "SimpleVerb - LV2 Manifest Helper", "SimpleVerb_LV2ManifestHelper.vcxproj", "{F0A78D46-3ADF-8D77-0E3D-BEB89CD0BD5C}"
EndProject
Global
	GlobalSection(SolutionConfigurationPlatforms) = preSolution
		Debug|Win32 = Debug|Win32
		Release|Win32 = Release|Win32
		Debug64|x64 = Debug64|x64
		Release64|x64 = Release64|x64
	EndGlobalSection
	GlobalSection(ProjectConfigurationPlatforms) = postSolution
		{5BDAF59F-85C9-569F-6009-F34E9D6BA450}.Debug|Win32.ActiveCfg = Debug|Win32
		{5BDAF59F-85C9-569F-6009-F34E9D6BA450}.Debug|Win32.Build.0 = Debug|Win32
		{5BDAF59F-85C9-569F-6009-F34E9D6BA450}.Release|Win32.ActiveCfg = Release|Win32
		{5BDAF59F-85C9-569F-6009-F34E9D6BA450}.Release|Win32.Build.0 = Release|Win32
		{5BDAF59F-85C9-569F-6009-F34E9D6BA450}.Debug64|x64.ActiveCfg = Debug64|x64
		{5BDAF59F-85C9-569F-6009-F34E9D6BA450}.Debug64|x64.Build.0 = Debug64|x64
		{5BDAF59F-85C9-569F-6009-F34E9D6BA450}.Release64|x64.ActiveCfg = Release64|x64
		{5BDAF59F-85C9-569F-6009-F34E9D6BA450}.Release64|x64.Build.0 = Release64|x64
		{EEC0E09E-4044-FBB9-B856-8E68239AF4AF}.Debug|Win32.ActiveCfg = Debug|Win32
		{EEC0E09E-4044-FBB9-B856-8E68239AF4AF}.Debug|Win32.Build.0 = Debug|Win32
		{EEC0E09E-4044-FBB9-B856-8E68239AF4AF}.Release|Win32.ActiveCfg = Release|Win32
		{EEC0E09E-4044-FBB9-B856-8E68239AF4AF}.Release|Win32.Build.0 = Release|Win32
		{EEC0E09E-4044-FBB9-B856-8E68239AF4AF}.Debug64|x64.ActiveCfg = Debug64|x64
		{EEC0E09E-4044-FBB9-B856-8E68239AF4AF}.Debug64|x64.Build.0 = Debug64|x64
		{EEC0E09E-4044-FBB9-B856-8E68239AF4AF}.Release64|x64.ActiveCfg = Release64|x64
		{EEC0E09E-4044-FBB9-B856-8E68239AF4AF}.Release64|x64.Build.0 = Release64|x64
		{73D343A1-C79E-0EF9-0B1C-BA5C3F298FC5}.Debug|Win32.ActiveCfg = Debug|Win32
		{73D343A1-C79E-0EF9-0B1C-BA5C3F298FC5}.Debug|Win32.Build.0 = Debug|Win32
		{73D343A1-C79E-0EF9-0B1C-BA5C3F298FC5}.Release|Win32.ActiveCfg = Release|Win32
		{73D343A1-C79E-0EF9-0B1C-BA5C3F298FC5}.Release|Win32.Build.0 = Release|Win32
		{73D343A1-C79E-0EF9-0B1C-BA5C3F298FC5}.Debug64|x64.ActiveCfg = Debug64|x64
		{73D343A1-C79E-0EF9-0B1C-BA5C3F298FC5}.Debug64|x64.Build.0 = Debug64|x64
		{73D343A1-C79E-0EF9-0B1C-BA5C3F298FC5}.Release64|x64.ActiveCfg = Release64|x64
		{73D343A1-C79E-0EF9-0B1C-BA5C3F298FC5}.Release64|x64.Build.0 = Release64|x64
		{DA6395E1-5712-59C5-8F40-D178CBB73220}.Debug|Win32.ActiveCfg = Debug|Win32
		{DA6395E1-5712-59C5-8F40-D178CBB73220}.Debug|Win32.Build.0 = Debug|Win32
		{DA6395E1-5712-59C5-8F40-D178CBB73220}.Release|Win32.ActiveCfg = Release|Win32
		{DA6395E1-5712-59C5-8F40-D178CBB73220}.Release|Win32.Build.0 = Release|Win32
		{DA6395E1-5712-59C5-8F40-D178CBB73220}.Debug64|x64.ActiveCfg = Debug64|x64
		{DA6395E1-5712-59C5-8F40-D178CBB73220}.Debug64|x64.Build.0 = Debug64|x64
		{DA6395E1-5712-59C5-8F40-D178CBB73220}.Release64|x64.ActiveCfg = Release64|x64
		{DA6395E1-5712-59C5-8F40-D178CBB73220}.Release64|x64.Build.0 = Release64|x64
		{C9B82667-C15C-C6F1-E303-081EA176C344}.Debug|Win32.ActiveCfg = Debug|Win32
		{C9B82667-C15C-C6F1-E303-081EA176C344}.Debug|Win32.Build.0 = Debug|Win32
		{C9B82667-C15C-C6F1-E303-081EA176C344}.Release|Win32.ActiveCfg = Release|Win32
		{C9B82667-C15C-C6F1-E303-081EA176C344}.Release|Win32.Build.0 = Release|Win32
		{C9B82667-C15C-C6F1-E303-081EA176C344}.Debug64|x64.ActiveCfg = Debug64|x64
		{C9B82667-C15C-C6F1-E303-081EA176C344}.Debug64|x64.Build.0 = Debug64|x64
		{C9B82667-C15C-C6F1-E303-081EA176C344}.Release64|x64.ActiveCfg = Release64|x64
		{C9B82667-C15C-C6F1-E303-081EA176C344}.Release64|x64.Build.0 = Release64|x64
		{F0A78D46-3ADF-8D77-0E3D-BEB89CD0BD5C}.Debug|Win32.ActiveCfg = Debug|Win32
		{F0A78D46-3ADF-8D77-0E3D-BEB89CD0BD5C}.Debug|Win32.Build.0 = Debug|Win32
		{F0A78D46-3ADF-8D77-0E3D-BEB89CD0BD5C}.Release|Win32.ActiveCfg = Release|Win32
		{F0A78D46-3ADF-8D77-0E3D-BEB89CD0BD5C}.Release|Win32.Build.0 = Release|Win32
		{F0A78D46-3ADF-8D77-0E3D-BEB89CD0BD5C}.Debug64|x64.ActiveCfg = Debug64|x64
		{F0A78D46-3ADF-8D77-0E3D-BEB89CD0BD5C}.Debug64|x64.Build.0 = Debug64|x64
		{F0A78D46-3ADF-8D77-0E3D-BEB89CD0BD5C}.Release64|x64.ActiveCfg = Release64|x64
		{F0A78D46-3ADF-8D77-0E3D-BEB89CD0BD5C}.Release64|x64.Build.0 = Release64|x64
	EndGlobalSection
	GlobalSection(SolutionProperties) = preSolution
		HideSolutionNode = FALSE
	EndGlobalSection
EndGlobal
